// !$*UTF8*$!
{
	archiveVersion = 1;
	classes = {
	};
	objectVersion = 50;
	objects = {

/* Begin PBXBuildFile section */
		E45FE3F6221EC77C0026A6EE /* AppDelegate.swift in Sources */ = {isa = PBXBuildFile; fileRef = E45FE3F5221EC77C0026A6EE /* AppDelegate.swift */; };
		E45FE3F8221EC77C0026A6EE /* ViewController.swift in Sources */ = {isa = PBXBuildFile; fileRef = E45FE3F7221EC77C0026A6EE /* ViewController.swift */; };
		E45FE3FB221EC77C0026A6EE /* Main.storyboard in Resources */ = {isa = PBXBuildFile; fileRef = E45FE3F9221EC77C0026A6EE /* Main.storyboard */; };
		E45FE3FD221EC77E0026A6EE /* Assets.xcassets in Resources */ = {isa = PBXBuildFile; fileRef = E45FE3FC221EC77E0026A6EE /* Assets.xcassets */; };
		E45FE400221EC77E0026A6EE /* LaunchScreen.storyboard in Resources */ = {isa = PBXBuildFile; fileRef = E45FE3FE221EC77E0026A6EE /* LaunchScreen.storyboard */; };
		E45FE40B221EC77E0026A6EE /* LRWebImageTests.swift in Sources */ = {isa = PBXBuildFile; fileRef = E45FE40A221EC77E0026A6EE /* LRWebImageTests.swift */; };
		E45FE416221EC77E0026A6EE /* LRWebImageUITests.swift in Sources */ = {isa = PBXBuildFile; fileRef = E45FE415221EC77E0026A6EE /* LRWebImageUITests.swift */; };
/* End PBXBuildFile section */

/* Begin PBXContainerItemProxy section */
		E45FE407221EC77E0026A6EE /* PBXContainerItemProxy */ = {
			isa = PBXContainerItemProxy;
			containerPortal = E45FE3EA221EC77C0026A6EE /* Project object */;
			proxyType = 1;
			remoteGlobalIDString = E45FE3F1221EC77C0026A6EE;
			remoteInfo = LRWebImage;
		};
		E45FE412221EC77E0026A6EE /* PBXContainerItemProxy */ = {
			isa = PBXContainerItemProxy;
			containerPortal = E45FE3EA221EC77C0026A6EE /* Project object */;
			proxyType = 1;
			remoteGlobalIDString = E45FE3F1221EC77C0026A6EE;
			remoteInfo = LRWebImage;
		};
/* End PBXContainerItemProxy section */

/* Begin PBXFileReference section */
		E45FE3F2221EC77C0026A6EE /* LRWebImage.app */ = {isa = PBXFileReference; explicitFileType = wrapper.application; includeInIndex = 0; path = LRWebImage.app; sourceTree = BUILT_PRODUCTS_DIR; };
		E45FE3F5221EC77C0026A6EE /* AppDelegate.swift */ = {isa = PBXFileReference; lastKnownFileType = sourcecode.swift; path = AppDelegate.swift; sourceTree = "<group>"; };
		E45FE3F7221EC77C0026A6EE /* ViewController.swift */ = {isa = PBXFileReference; lastKnownFileType = sourcecode.swift; path = ViewController.swift; sourceTree = "<group>"; };
		E45FE3FA221EC77C0026A6EE /* Base */ = {isa = PBXFileReference; lastKnownFileType = file.storyboard; name = Base; path = Base.lproj/Main.storyboard; sourceTree = "<group>"; };
		E45FE3FC221EC77E0026A6EE /* Assets.xcassets */ = {isa = PBXFileReference; lastKnownFileType = folder.assetcatalog; path = Assets.xcassets; sourceTree = "<group>"; };
		E45FE3FF221EC77E0026A6EE /* Base */ = {isa = PBXFileReference; lastKnownFileType = file.storyboard; name = Base; path = Base.lproj/LaunchScreen.storyboard; sourceTree = "<group>"; };
		E45FE401221EC77E0026A6EE /* Info.plist */ = {isa = PBXFileReference; lastKnownFileType = text.plist.xml; path = Info.plist; sourceTree = "<group>"; };
		E45FE406221EC77E0026A6EE /* LRWebImageTests.xctest */ = {isa = PBXFileReference; explicitFileType = wrapper.cfbundle; includeInIndex = 0; path = LRWebImageTests.xctest; sourceTree = BUILT_PRODUCTS_DIR; };
		E45FE40A221EC77E0026A6EE /* LRWebImageTests.swift */ = {isa = PBXFileReference; lastKnownFileType = sourcecode.swift; path = LRWebImageTests.swift; sourceTree = "<group>"; };
		E45FE40C221EC77E0026A6EE /* Info.plist */ = {isa = PBXFileReference; lastKnownFileType = text.plist.xml; path = Info.plist; sourceTree = "<group>"; };
		E45FE411221EC77E0026A6EE /* LRWebImageUITests.xctest */ = {isa = PBXFileReference; explicitFileType = wrapper.cfbundle; includeInIndex = 0; path = LRWebImageUITests.xctest; sourceTree = BUILT_PRODUCTS_DIR; };
		E45FE415221EC77E0026A6EE /* LRWebImageUITests.swift */ = {isa = PBXFileReference; lastKnownFileType = sourcecode.swift; path = LRWebImageUITests.swift; sourceTree = "<group>"; };
		E45FE417221EC77E0026A6EE /* Info.plist */ = {isa = PBXFileReference; lastKnownFileType = text.plist.xml; path = Info.plist; sourceTree = "<group>"; };
/* End PBXFileReference section */

/* Begin PBXFrameworksBuildPhase section */
		E45FE3EF221EC77C0026A6EE /* Frameworks */ = {
			isa = PBXFrameworksBuildPhase;
			buildActionMask = 2147483647;
			files = (
			);
			runOnlyForDeploymentPostprocessing = 0;
		};
		E45FE403221EC77E0026A6EE /* Frameworks */ = {
			isa = PBXFrameworksBuildPhase;
			buildActionMask = 2147483647;
			files = (
			);
			runOnlyForDeploymentPostprocessing = 0;
		};
		E45FE40E221EC77E0026A6EE /* Frameworks */ = {
			isa = PBXFrameworksBuildPhase;
			buildActionMask = 2147483647;
			files = (
			);
			runOnlyForDeploymentPostprocessing = 0;
		};
/* End PBXFrameworksBuildPhase section */

/* Begin PBXGroup section */
		E45FE3E9221EC77C0026A6EE = {
			isa = PBXGroup;
			children = (
				E45FE3F4221EC77C0026A6EE /* LRWebImage */,
				E45FE409221EC77E0026A6EE /* LRWebImageTests */,
				E45FE414221EC77E0026A6EE /* LRWebImageUITests */,
				E45FE3F3221EC77C0026A6EE /* Products */,
			);
			sourceTree = "<group>";
		};
		E45FE3F3221EC77C0026A6EE /* Products */ = {
			isa = PBXGroup;
			children = (
				E45FE3F2221EC77C0026A6EE /* LRWebImage.app */,
				E45FE406221EC77E0026A6EE /* LRWebImageTests.xctest */,
				E45FE411221EC77E0026A6EE /* LRWebImageUITests.xctest */,
			);
			name = Products;
			sourceTree = "<group>";
		};
		E45FE3F4221EC77C0026A6EE /* LRWebImage */ = {
			isa = PBXGroup;
			children = (
				E45FE3F5221EC77C0026A6EE /* AppDelegate.swift */,
				E45FE3F7221EC77C0026A6EE /* ViewController.swift */,
				E45FE3F9221EC77C0026A6EE /* Main.storyboard */,
				E45FE3FC221EC77E0026A6EE /* Assets.xcassets */,
				E45FE3FE221EC77E0026A6EE /* LaunchScreen.storyboard */,
				E45FE401221EC77E0026A6EE /* Info.plist */,
			);
			path = LRWebImage;
			sourceTree = "<group>";
		};
		E45FE409221EC77E0026A6EE /* LRWebImageTests */ = {
			isa = PBXGroup;
			children = (
				E45FE40A221EC77E0026A6EE /* LRWebImageTests.swift */,
				E45FE40C221EC77E0026A6EE /* Info.plist */,
			);
			path = LRWebImageTests;
			sourceTree = "<group>";
		};
		E45FE414221EC77E0026A6EE /* LRWebImageUITests */ = {
			isa = PBXGroup;
			children = (
				E45FE415221EC77E0026A6EE /* LRWebImageUITests.swift */,
				E45FE417221EC77E0026A6EE /* Info.plist */,
			);
			path = LRWebImageUITests;
			sourceTree = "<group>";
		};
/* End PBXGroup section */

/* Begin PBXNativeTarget section */
		E45FE3F1221EC77C0026A6EE /* LRWebImage */ = {
			isa = PBXNativeTarget;
			buildConfigurationList = E45FE41A221EC77E0026A6EE /* Build configuration list for PBXNativeTarget "LRWebImage" */;
			buildPhases = (
				E45FE3EE221EC77C0026A6EE /* Sources */,
				E45FE3EF221EC77C0026A6EE /* Frameworks */,
				E45FE3F0221EC77C0026A6EE /* Resources */,
			);
			buildRules = (
			);
			dependencies = (
			);
			name = LRWebImage;
			productName = LRWebImage;
			productReference = E45FE3F2221EC77C0026A6EE /* LRWebImage.app */;
			productType = "com.apple.product-type.application";
		};
		E45FE405221EC77E0026A6EE /* LRWebImageTests */ = {
			isa = PBXNativeTarget;
			buildConfigurationList = E45FE41D221EC77E0026A6EE /* Build configuration list for PBXNativeTarget "LRWebImageTests" */;
			buildPhases = (
				E45FE402221EC77E0026A6EE /* Sources */,
				E45FE403221EC77E0026A6EE /* Frameworks */,
				E45FE404221EC77E0026A6EE /* Resources */,
			);
			buildRules = (
			);
			dependencies = (
				E45FE408221EC77E0026A6EE /* PBXTargetDependency */,
			);
			name = LRWebImageTests;
			productName = LRWebImageTests;
			productReference = E45FE406221EC77E0026A6EE /* LRWebImageTests.xctest */;
			productType = "com.apple.product-type.bundle.unit-test";
		};
		E45FE410221EC77E0026A6EE /* LRWebImageUITests */ = {
			isa = PBXNativeTarget;
			buildConfigurationList = E45FE420221EC77E0026A6EE /* Build configuration list for PBXNativeTarget "LRWebImageUITests" */;
			buildPhases = (
				E45FE40D221EC77E0026A6EE /* Sources */,
				E45FE40E221EC77E0026A6EE /* Frameworks */,
				E45FE40F221EC77E0026A6EE /* Resources */,
			);
			buildRules = (
			);
			dependencies = (
				E45FE413221EC77E0026A6EE /* PBXTargetDependency */,
			);
			name = LRWebImageUITests;
			productName = LRWebImageUITests;
			productReference = E45FE411221EC77E0026A6EE /* LRWebImageUITests.xctest */;
			productType = "com.apple.product-type.bundle.ui-testing";
		};
/* End PBXNativeTarget section */

/* Begin PBXProject section */
		E45FE3EA221EC77C0026A6EE /* Project object */ = {
			isa = PBXProject;
			attributes = {
				LastSwiftUpdateCheck = 1010;
				LastUpgradeCheck = 1010;
				ORGANIZATIONNAME = "Wang,Rui(MMS)";
				TargetAttributes = {
					E45FE3F1221EC77C0026A6EE = {
						CreatedOnToolsVersion = 10.1;
					};
					E45FE405221EC77E0026A6EE = {
						CreatedOnToolsVersion = 10.1;
						TestTargetID = E45FE3F1221EC77C0026A6EE;
					};
					E45FE410221EC77E0026A6EE = {
						CreatedOnToolsVersion = 10.1;
						TestTargetID = E45FE3F1221EC77C0026A6EE;
					};
				};
			};
			buildConfigurationList = E45FE3ED221EC77C0026A6EE /* Build configuration list for PBXProject "LRWebImage" */;
			compatibilityVersion = "Xcode 9.3";
			developmentRegion = en;
			hasScannedForEncodings = 0;
			knownRegions = (
				en,
				Base,
			);
			mainGroup = E45FE3E9221EC77C0026A6EE;
			productRefGroup = E45FE3F3221EC77C0026A6EE /* Products */;
			projectDirPath = "";
			projectRoot = "";
			targets = (
				E45FE3F1221EC77C0026A6EE /* LRWebImage */,
				E45FE405221EC77E0026A6EE /* LRWebImageTests */,
				E45FE410221EC77E0026A6EE /* LRWebImageUITests */,
			);
		};
/* End PBXProject section */

/* Begin PBXResourcesBuildPhase section */
		E45FE3F0221EC77C0026A6EE /* Resources */ = {
			isa = PBXResourcesBuildPhase;
			buildActionMask = 2147483647;
			files = (
				E45FE400221EC77E0026A6EE /* LaunchScreen.storyboard in Resources */,
				E45FE3FD221EC77E0026A6EE /* Assets.xcassets in Resources */,
				E45FE3FB221EC77C0026A6EE /* Main.storyboard in Resources */,
			);
			runOnlyForDeploymentPostprocessing = 0;
		};
		E45FE404221EC77E0026A6EE /* Resources */ = {
			isa = PBXResourcesBuildPhase;
			buildActionMask = 2147483647;
			files = (
			);
			runOnlyForDeploymentPostprocessing = 0;
		};
		E45FE40F221EC77E0026A6EE /* Resources */ = {
			isa = PBXResourcesBuildPhase;
			buildActionMask = 2147483647;
			files = (
			);
			runOnlyForDeploymentPostprocessing = 0;
		};
/* End PBXResourcesBuildPhase section */

/* Begin PBXSourcesBuildPhase section */
		E45FE3EE221EC77C0026A6EE /* Sources */ = {
			isa = PBXSourcesBuildPhase;
			buildActionMask = 2147483647;
			files = (
				E45FE3F8221EC77C0026A6EE /* ViewController.swift in Sources */,
				E45FE3F6221EC77C0026A6EE /* AppDelegate.swift in Sources */,
			);
			runOnlyForDeploymentPostprocessing = 0;
		};
		E45FE402221EC77E0026A6EE /* Sources */ = {
			isa = PBXSourcesBuildPhase;
			buildActionMask = 2147483647;
			files = (
				E45FE40B221EC77E0026A6EE /* LRWebImageTests.swift in Sources */,
			);
			runOnlyForDeploymentPostprocessing = 0;
		};
		E45FE40D221EC77E0026A6EE /* Sources */ = {
			isa = PBXSourcesBuildPhase;
			buildActionMask = 2147483647;
			files = (
				E45FE416221EC77E0026A6EE /* LRWebImageUITests.swift in Sources */,
			);
			runOnlyForDeploymentPostprocessing = 0;
		};
/* End PBXSourcesBuildPhase section */

/* Begin PBXTargetDependency section */
		E45FE408221EC77E0026A6EE /* PBXTargetDependency */ = {
			isa = PBXTargetDependency;
			target = E45FE3F1221EC77C0026A6EE /* LRWebImage */;
			targetProxy = E45FE407221EC77E0026A6EE /* PBXContainerItemProxy */;
		};
		E45FE413221EC77E0026A6EE /* PBXTargetDependency */ = {
			isa = PBXTargetDependency;
			target = E45FE3F1221EC77C0026A6EE /* LRWebImage */;
			targetProxy = E45FE412221EC77E0026A6EE /* PBXContainerItemProxy */;
		};
/* End PBXTargetDependency section */

/* Begin PBXVariantGroup section */
		E45FE3F9221EC77C0026A6EE /* Main.storyboard */ = {
			isa = PBXVariantGroup;
			children = (
				E45FE3FA221EC77C0026A6EE /* Base */,
			);
			name = Main.storyboard;
			sourceTree = "<group>";
		};
		E45FE3FE221EC77E0026A6EE /* LaunchScreen.storyboard */ = {
			isa = PBXVariantGroup;
			children = (
				E45FE3FF221EC77E0026A6EE /* Base */,
			);
			name = LaunchScreen.storyboard;
			sourceTree = "<group>";
		};
/* End PBXVariantGroup section */

/* Begin XCBuildConfiguration section */
		E45FE418221EC77E0026A6EE /* Debug */ = {
			isa = XCBuildConfiguration;
			buildSettings = {
				ALWAYS_SEARCH_USER_PATHS = NO;
				CLANG_ANALYZER_NONNULL = YES;
				CLANG_ANALYZER_NUMBER_OBJECT_CONVERSION = YES_AGGRESSIVE;
				CLANG_CXX_LANGUAGE_STANDARD = "gnu++14";
				CLANG_CXX_LIBRARY = "libc++";
				CLANG_ENABLE_MODULES = YES;
				CLANG_ENABLE_OBJC_ARC = YES;
				CLANG_ENABLE_OBJC_WEAK = YES;
				CLANG_WARN_BLOCK_CAPTURE_AUTORELEASING = YES;
				CLANG_WARN_BOOL_CONVERSION = YES;
				CLANG_WARN_COMMA = YES;
				CLANG_WARN_CONSTANT_CONVERSION = YES;
				CLANG_WARN_DEPRECATED_OBJC_IMPLEMENTATIONS = YES;
				CLANG_WARN_DIRECT_OBJC_ISA_USAGE = YES_ERROR;
				CLANG_WARN_DOCUMENTATION_COMMENTS = YES;
				CLANG_WARN_EMPTY_BODY = YES;
				CLANG_WARN_ENUM_CONVERSION = YES;
				CLANG_WARN_INFINITE_RECURSION = YES;
				CLANG_WARN_INT_CONVERSION = YES;
				CLANG_WARN_NON_LITERAL_NULL_CONVERSION = YES;
				CLANG_WARN_OBJC_IMPLICIT_RETAIN_SELF = YES;
				CLANG_WARN_OBJC_LITERAL_CONVERSION = YES;
				CLANG_WARN_OBJC_ROOT_CLASS = YES_ERROR;
				CLANG_WARN_RANGE_LOOP_ANALYSIS = YES;
				CLANG_WARN_STRICT_PROTOTYPES = YES;
				CLANG_WARN_SUSPICIOUS_MOVE = YES;
				CLANG_WARN_UNGUARDED_AVAILABILITY = YES_AGGRESSIVE;
				CLANG_WARN_UNREACHABLE_CODE = YES;
				CLANG_WARN__DUPLICATE_METHOD_MATCH = YES;
				CODE_SIGN_IDENTITY = "iPhone Developer";
				COPY_PHASE_STRIP = NO;
				DEBUG_INFORMATION_FORMAT = dwarf;
				ENABLE_STRICT_OBJC_MSGSEND = YES;
				ENABLE_TESTABILITY = YES;
				GCC_C_LANGUAGE_STANDARD = gnu11;
				GCC_DYNAMIC_NO_PIC = NO;
				GCC_NO_COMMON_BLOCKS = YES;
				GCC_OPTIMIZATION_LEVEL = 0;
				GCC_PREPROCESSOR_DEFINITIONS = (
					"DEBUG=1",
					"$(inherited)",
				);
				GCC_WARN_64_TO_32_BIT_CONVERSION = YES;
				GCC_WARN_ABOUT_RETURN_TYPE = YES_ERROR;
				GCC_WARN_UNDECLARED_SELECTOR = YES;
				GCC_WARN_UNINITIALIZED_AUTOS = YES_AGGRESSIVE;
				GCC_WARN_UNUSED_FUNCTION = YES;
				GCC_WARN_UNUSED_VARIABLE = YES;
				IPHONEOS_DEPLOYMENT_TARGET = 12.1;
				MTL_ENABLE_DEBUG_INFO = INCLUDE_SOURCE;
				MTL_FAST_MATH = YES;
				ONLY_ACTIVE_ARCH = YES;
				SDKROOT = iphoneos;
				SWIFT_ACTIVE_COMPILATION_CONDITIONS = DEBUG;
				SWIFT_OPTIMIZATION_LEVEL = "-Onone";
			};
			name = Debug;
		};
		E45FE419221EC77E0026A6EE /* Release */ = {
			isa = XCBuildConfiguration;
			buildSettings = {
				ALWAYS_SEARCH_USER_PATHS = NO;
				CLANG_ANALYZER_NONNULL = YES;
				CLANG_ANALYZER_NUMBER_OBJECT_CONVERSION = YES_AGGRESSIVE;
				CLANG_CXX_LANGUAGE_STANDARD = "gnu++14";
				CLANG_CXX_LIBRARY = "libc++";
				CLANG_ENABLE_MODULES = YES;
				CLANG_ENABLE_OBJC_ARC = YES;
				CLANG_ENABLE_OBJC_WEAK = YES;
				CLANG_WARN_BLOCK_CAPTURE_AUTORELEASING = YES;
				CLANG_WARN_BOOL_CONVERSION = YES;
				CLANG_WARN_COMMA = YES;
				CLANG_WARN_CONSTANT_CONVERSION = YES;
				CLANG_WARN_DEPRECATED_OBJC_IMPLEMENTATIONS = YES;
				CLANG_WARN_DIRECT_OBJC_ISA_USAGE = YES_ERROR;
				CLANG_WARN_DOCUMENTATION_COMMENTS = YES;
				CLANG_WARN_EMPTY_BODY = YES;
				CLANG_WARN_ENUM_CONVERSION = YES;
				CLANG_WARN_INFINITE_RECURSION = YES;
				CLANG_WARN_INT_CONVERSION = YES;
				CLANG_WARN_NON_LITERAL_NULL_CONVERSION = YES;
				CLANG_WARN_OBJC_IMPLICIT_RETAIN_SELF = YES;
				CLANG_WARN_OBJC_LITERAL_CONVERSION = YES;
				CLANG_WARN_OBJC_ROOT_CLASS = YES_ERROR;
				CLANG_WARN_RANGE_LOOP_ANALYSIS = YES;
				CLANG_WARN_STRICT_PROTOTYPES = YES;
				CLANG_WARN_SUSPICIOUS_MOVE = YES;
				CLANG_WARN_UNGUARDED_AVAILABILITY = YES_AGGRESSIVE;
				CLANG_WARN_UNREACHABLE_CODE = YES;
				CLANG_WARN__DUPLICATE_METHOD_MATCH = YES;
				CODE_SIGN_IDENTITY = "iPhone Developer";
				COPY_PHASE_STRIP = NO;
				DEBUG_INFORMATION_FORMAT = "dwarf-with-dsym";
				ENABLE_NS_ASSERTIONS = NO;
				ENABLE_STRICT_OBJC_MSGSEND = YES;
				GCC_C_LANGUAGE_STANDARD = gnu11;
				GCC_NO_COMMON_BLOCKS = YES;
				GCC_WARN_64_TO_32_BIT_CONVERSION = YES;
				GCC_WARN_ABOUT_RETURN_TYPE = YES_ERROR;
				GCC_WARN_UNDECLARED_SELECTOR = YES;
				GCC_WARN_UNINITIALIZED_AUTOS = YES_AGGRESSIVE;
				GCC_WARN_UNUSED_FUNCTION = YES;
				GCC_WARN_UNUSED_VARIABLE = YES;
				IPHONEOS_DEPLOYMENT_TARGET = 12.1;
				MTL_ENABLE_DEBUG_INFO = NO;
				MTL_FAST_MATH = YES;
				SDKROOT = iphoneos;
				SWIFT_COMPILATION_MODE = wholemodule;
				SWIFT_OPTIMIZATION_LEVEL = "-O";
				VALIDATE_PRODUCT = YES;
			};
			name = Release;
		};
		E45FE41B221EC77E0026A6EE /* Debug */ = {
			isa = XCBuildConfiguration;
			buildSettings = {
				ASSETCATALOG_COMPILER_APPICON_NAME = AppIcon;
				CODE_SIGN_STYLE = Automatic;
				INFOPLIST_FILE = LRWebImage/Info.plist;
				LD_RUNPATH_SEARCH_PATHS = (
					"$(inherited)",
					"@executable_path/Frameworks",
				);
				PRODUCT_BUNDLE_IDENTIFIER = com.LRWebImage;
				PRODUCT_NAME = "$(TARGET_NAME)";
				SWIFT_VERSION = 4.2;
				TARGETED_DEVICE_FAMILY = "1,2";
			};
			name = Debug;
		};
		E45FE41C221EC77E0026A6EE /* Release */ = {
			isa = XCBuildConfiguration;
			buildSettings = {
				ASSETCATALOG_COMPILER_APPICON_NAME = AppIcon;
				CODE_SIGN_STYLE = Automatic;
				INFOPLIST_FILE = LRWebImage/Info.plist;
				LD_RUNPATH_SEARCH_PATHS = (
					"$(inherited)",
					"@executable_path/Frameworks",
				);
				PRODUCT_BUNDLE_IDENTIFIER = com.LRWebImage;
				PRODUCT_NAME = "$(TARGET_NAME)";
				SWIFT_VERSION = 4.2;
				TARGETED_DEVICE_FAMILY = "1,2";
			};
			name = Release;
		};
		E45FE41E221EC77E0026A6EE /* Debug */ = {
			isa = XCBuildConfiguration;
			buildSettings = {
				ALWAYS_EMBED_SWIFT_STANDARD_LIBRARIES = YES;
				BUNDLE_LOADER = "$(TEST_HOST)";
				CODE_SIGN_STYLE = Automatic;
				INFOPLIST_FILE = LRWebImageTests/Info.plist;
				LD_RUNPATH_SEARCH_PATHS = (
					"$(inherited)",
					"@executable_path/Frameworks",
					"@loader_path/Frameworks",
				);
				PRODUCT_BUNDLE_IDENTIFIER = com.LRWebImageTests;
				PRODUCT_NAME = "$(TARGET_NAME)";
				SWIFT_VERSION = 4.2;
				TARGETED_DEVICE_FAMILY = "1,2";
				TEST_HOST = "$(BUILT_PRODUCTS_DIR)/LRWebImage.app/LRWebImage";
			};
			name = Debug;
		};
		E45FE41F221EC77E0026A6EE /* Release */ = {
			isa = XCBuildConfiguration;
			buildSettings = {
				ALWAYS_EMBED_SWIFT_STANDARD_LIBRARIES = YES;
				BUNDLE_LOADER = "$(TEST_HOST)";
				CODE_SIGN_STYLE = Automatic;
				INFOPLIST_FILE = LRWebImageTests/Info.plist;
				LD_RUNPATH_SEARCH_PATHS = (
					"$(inherited)",
					"@executable_path/Frameworks",
					"@loader_path/Frameworks",
				);
				PRODUCT_BUNDLE_IDENTIFIER = com.LRWebImageTests;
				PRODUCT_NAME = "$(TARGET_NAME)";
				SWIFT_VERSION = 4.2;
				TARGETED_DEVICE_FAMILY = "1,2";
				TEST_HOST = "$(BUILT_PRODUCTS_DIR)/LRWebImage.app/LRWebImage";
			};
			name = Release;
		};
		E45FE421221EC77E0026A6EE /* Debug */ = {
			isa = XCBuildConfiguration;
			buildSettings = {
				ALWAYS_EMBED_SWIFT_STANDARD_LIBRARIES = YES;
				CODE_SIGN_STYLE = Automatic;
				INFOPLIST_FILE = LRWebImageUITests/Info.plist;
				LD_RUNPATH_SEARCH_PATHS = (
					"$(inherited)",
					"@executable_path/Frameworks",
					"@loader_path/Frameworks",
				);
				PRODUCT_BUNDLE_IDENTIFIER = com.LRWebImageUITests;
				PRODUCT_NAME = "$(TARGET_NAME)";
				SWIFT_VERSION = 4.2;
				TARGETED_DEVICE_FAMILY = "1,2";
				TEST_TARGET_NAME = LRWebImage;
			};
			name = Debug;
		};
		E45FE422221EC77E0026A6EE /* Release */ = {
			isa = XCBuildConfiguration;
			buildSettings = {
				ALWAYS_EMBED_SWIFT_STANDARD_LIBRARIES = YES;
				CODE_SIGN_STYLE = Automatic;
				INFOPLIST_FILE = LRWebImageUITests/Info.plist;
				LD_RUNPATH_SEARCH_PATHS = (
					"$(inherited)",
					"@executable_path/Frameworks",
					"@loader_path/Frameworks",
				);
				PRODUCT_BUNDLE_IDENTIFIER = com.LRWebImageUITests;
				PRODUCT_NAME = "$(TARGET_NAME)";
				SWIFT_VERSION = 4.2;
				TARGETED_DEVICE_FAMILY = "1,2";
				TEST_TARGET_NAME = LRWebImage;
			};
			name = Release;
		};
/* End XCBuildConfiguration section */

/* Begin XCConfigurationList section */
		E45FE3ED221EC77C0026A6EE /* Build configuration list for PBXProject "LRWebImage" */ = {
			isa = XCConfigurationList;
			buildConfigurations = (
				E45FE418221EC77E0026A6EE /* Debug */,
				E45FE419221EC77E0026A6EE /* Release */,
			);
			defaultConfigurationIsVisible = 0;
			defaultConfigurationName = Release;
		};
		E45FE41A221EC77E0026A6EE /* Build configuration list for PBXNativeTarget "LRWebImage" */ = {
			isa = XCConfigurationList;
			buildConfigurations = (
				E45FE41B221EC77E0026A6EE /* Debug */,
				E45FE41C221EC77E0026A6EE /* Release */,
			);
			defaultConfigurationIsVisible = 0;
			defaultConfigurationName = Release;
		};
		E45FE41D221EC77E0026A6EE /* Build configuration list for PBXNativeTarget "LRWebImageTests" */ = {
			isa = XCConfigurationList;
			buildConfigurations = (
				E45FE41E221EC77E0026A6EE /* Debug */,
				E45FE41F221EC77E0026A6EE /* Release */,
			);
			defaultConfigurationIsVisible = 0;
			defaultConfigurationName = Release;
		};
		E45FE420221EC77E0026A6EE /* Build configuration list for PBXNativeTarget "LRWebImageUITests" */ = {
			isa = XCConfigurationList;
			buildConfigurations = (
				E45FE421221EC77E0026A6EE /* Debug */,
				E45FE422221EC77E0026A6EE /* Release */,
			);
			defaultConfigurationIsVisible = 0;
			defaultConfigurationName = Release;
		};
/* End XCConfigurationList section */
	};
	rootObject = E45FE3EA221EC77C0026A6EE /* Project object */;
}
